
Microsoft Visual Studio Solution File, Format Version 12.00
# Visual Studio Version 17
VisualStudioVersion = 17.0.32112.339
MinimumVisualStudioVersion = 10.0.40219.1
Project("{FAE04EC0-301F-11D3-BF4B-00C04F79EFBC}") = "PR4_T3", "PR4_T3\PR4_T3.csproj", "{3D1AD0CF-9E66-4841-9846-31A89719BB26}"
EndProject
Global
	GlobalSection(SolutionConfigurationPlatforms) = preSolution
		Debug|Any CPU = Debug|Any CPU
		Release|Any CPU = Release|Any CPU
	EndGlobalSection
	GlobalSection(ProjectConfigurationPlatforms) = postSolution
		{3D1AD0CF-9E66-4841-9846-31A89719BB26}.Debug|Any CPU.ActiveCfg = Debug|Any CPU
		{3D1AD0CF-9E66-4841-9846-31A89719BB26}.Debug|Any CPU.Build.0 = Debug|Any CPU
		{3D1AD0CF-9E66-4841-9846-31A89719BB26}.Release|Any CPU.ActiveCfg = Release|Any CPU
		{3D1AD0CF-9E66-4841-9846-31A89719BB26}.Release|Any CPU.Build.0 = Release|Any CPU
	EndGlobalSection
	GlobalSection(SolutionProperties) = preSolution
		HideSolutionNode = FALSE
	EndGlobalSection
	GlobalSection(ExtensibilityGlobals) = postSolution
		SolutionGuid = {58964653-29EF-4996-BC33-B448BF1ED96E}
	EndGlobalSection
EndGlobal
